
Microsoft Visual Studio Solution File, Format Version 12.00
# Visual Studio 15
VisualStudioVersion = 15.0.28010.2026
MinimumVisualStudioVersion = 10.0.40219.1
Project("{FAE04EC0-301F-11D3-BF4B-00C04F79EFBC}") = "Brando_Jason_RPGame", "Brando_Jason_RPGame\Brando_Jason_RPGame.csproj", "{7395B82B-3C93-40AE-BF99-8F3A1E9F446A}"
EndProject
Global
	GlobalSection(SolutionConfigurationPlatforms) = preSolution
		Debug|Any CPU = Debug|Any CPU
		Release|Any CPU = Release|Any CPU
	EndGlobalSection
	GlobalSection(ProjectConfigurationPlatforms) = postSolution
		{7395B82B-3C93-40AE-BF99-8F3A1E9F446A}.Debug|Any CPU.ActiveCfg = Debug|Any CPU
		{7395B82B-3C93-40AE-BF99-8F3A1E9F446A}.Debug|Any CPU.Build.0 = Debug|Any CPU
		{7395B82B-3C93-40AE-BF99-8F3A1E9F446A}.Release|Any CPU.ActiveCfg = Release|Any CPU
		{7395B82B-3C93-40AE-BF99-8F3A1E9F446A}.Release|Any CPU.Build.0 = Release|Any CPU
	EndGlobalSection
	GlobalSection(SolutionProperties) = preSolution
		HideSolutionNode = FALSE
	EndGlobalSection
	GlobalSection(ExtensibilityGlobals) = postSolution
		SolutionGuid = {0D256818-1245-40CB-A900-9F0590407F06}
	EndGlobalSection
EndGlobal
